
Microsoft Visual Studio Solution File, Format Version 12.00
# Visual Studio Version 17
VisualStudioVersion = 17.9.34902.65
MinimumVisualStudioVersion = 10.0.40219.1
Project("{2150E333-8FDC-42A3-9474-1A3956D46DE8}") = "Services", "Services", "{7717FF1F-30B7-4E93-8619-C7E7B81CEE66}"
EndProject
Project("{2150E333-8FDC-42A3-9474-1A3956D46DE8}") = "Catalog", "Catalog", "{584214F2-CD98-4D63-9A20-85CD7D60AEC3}"
EndProject
Project("{9A19103F-16F7-4668-BE54-9A1E7A4F7556}") = "Catalog.Api", "Services\Catalog\Catalog.Api\Catalog.Api.csproj", "{A3FF9C7F-278E-4057-9249-146C4C5A30E2}"
EndProject
Project("{2150E333-8FDC-42A3-9474-1A3956D46DE8}") = "BuildingBlocks", "BuildingBlocks", "{63703A6E-CBFF-4C6E-BB4C-F2B69DED4E09}"
EndProject
Project("{9A19103F-16F7-4668-BE54-9A1E7A4F7556}") = "BuildingBlocks", "BuildingBLocks\BuildingBlocks.csproj", "{1CA1ABF3-186B-493B-8A67-D7CDFA4908C6}"
EndProject
Project("{E53339B2-1760-4266-BCC7-CA923CBCF16C}") = "docker-compose", "docker-compose.dcproj", "{F4A5036C-4DA9-4C81-B185-D440E24BF4F1}"
EndProject
Global
	GlobalSection(SolutionConfigurationPlatforms) = preSolution
		Debug|Any CPU = Debug|Any CPU
		Release|Any CPU = Release|Any CPU
	EndGlobalSection
	GlobalSection(ProjectConfigurationPlatforms) = postSolution
		{A3FF9C7F-278E-4057-9249-146C4C5A30E2}.Debug|Any CPU.ActiveCfg = Debug|Any CPU
		{A3FF9C7F-278E-4057-9249-146C4C5A30E2}.Debug|Any CPU.Build.0 = Debug|Any CPU
		{A3FF9C7F-278E-4057-9249-146C4C5A30E2}.Release|Any CPU.ActiveCfg = Release|Any CPU
		{A3FF9C7F-278E-4057-9249-146C4C5A30E2}.Release|Any CPU.Build.0 = Release|Any CPU
		{1CA1ABF3-186B-493B-8A67-D7CDFA4908C6}.Debug|Any CPU.ActiveCfg = Debug|Any CPU
		{1CA1ABF3-186B-493B-8A67-D7CDFA4908C6}.Debug|Any CPU.Build.0 = Debug|Any CPU
		{1CA1ABF3-186B-493B-8A67-D7CDFA4908C6}.Release|Any CPU.ActiveCfg = Release|Any CPU
		{1CA1ABF3-186B-493B-8A67-D7CDFA4908C6}.Release|Any CPU.Build.0 = Release|Any CPU
		{F4A5036C-4DA9-4C81-B185-D440E24BF4F1}.Debug|Any CPU.ActiveCfg = Debug|Any CPU
		{F4A5036C-4DA9-4C81-B185-D440E24BF4F1}.Debug|Any CPU.Build.0 = Debug|Any CPU
		{F4A5036C-4DA9-4C81-B185-D440E24BF4F1}.Release|Any CPU.ActiveCfg = Release|Any CPU
		{F4A5036C-4DA9-4C81-B185-D440E24BF4F1}.Release|Any CPU.Build.0 = Release|Any CPU
	EndGlobalSection
	GlobalSection(SolutionProperties) = preSolution
		HideSolutionNode = FALSE
	EndGlobalSection
	GlobalSection(NestedProjects) = preSolution
		{584214F2-CD98-4D63-9A20-85CD7D60AEC3} = {7717FF1F-30B7-4E93-8619-C7E7B81CEE66}
		{A3FF9C7F-278E-4057-9249-146C4C5A30E2} = {584214F2-CD98-4D63-9A20-85CD7D60AEC3}
		{1CA1ABF3-186B-493B-8A67-D7CDFA4908C6} = {63703A6E-CBFF-4C6E-BB4C-F2B69DED4E09}
	EndGlobalSection
	GlobalSection(ExtensibilityGlobals) = postSolution
		SolutionGuid = {E83084B1-8C86-4148-ADF3-298B20C8E687}
	EndGlobalSection
EndGlobal
